
Microsoft Visual Studio Solution File, Format Version 12.00
# Visual Studio Version 17
VisualStudioVersion = 17.9.34728.123
MinimumVisualStudioVersion = 10.0.40219.1
Project("{FAE04EC0-301F-11D3-BF4B-00C04F79EFBC}") = "ceren_tp2", "ceren_tp2\ceren_tp2.csproj", "{07624452-1106-4EFC-B3C9-120958430495}"
EndProject
Project("{FAE04EC0-301F-11D3-BF4B-00C04F79EFBC}") = "specflowTp2", "specflow_tp2\specflowTp2.csproj", "{9446F7F0-63D9-4564-895F-C9ACB8D9C7EE}"
EndProject
Global
	GlobalSection(SolutionConfigurationPlatforms) = preSolution
		Debug|Any CPU = Debug|Any CPU
		Release|Any CPU = Release|Any CPU
	EndGlobalSection
	GlobalSection(ProjectConfigurationPlatforms) = postSolution
		{07624452-1106-4EFC-B3C9-120958430495}.Debug|Any CPU.ActiveCfg = Debug|Any CPU
		{07624452-1106-4EFC-B3C9-120958430495}.Debug|Any CPU.Build.0 = Debug|Any CPU
		{07624452-1106-4EFC-B3C9-120958430495}.Release|Any CPU.ActiveCfg = Release|Any CPU
		{07624452-1106-4EFC-B3C9-120958430495}.Release|Any CPU.Build.0 = Release|Any CPU
		{9446F7F0-63D9-4564-895F-C9ACB8D9C7EE}.Debug|Any CPU.ActiveCfg = Debug|Any CPU
		{9446F7F0-63D9-4564-895F-C9ACB8D9C7EE}.Debug|Any CPU.Build.0 = Debug|Any CPU
		{9446F7F0-63D9-4564-895F-C9ACB8D9C7EE}.Release|Any CPU.ActiveCfg = Release|Any CPU
		{9446F7F0-63D9-4564-895F-C9ACB8D9C7EE}.Release|Any CPU.Build.0 = Release|Any CPU
	EndGlobalSection
	GlobalSection(SolutionProperties) = preSolution
		HideSolutionNode = FALSE
	EndGlobalSection
	GlobalSection(ExtensibilityGlobals) = postSolution
		SolutionGuid = {3824F556-65E3-4975-99B5-B950DF7C9289}
	EndGlobalSection
EndGlobal
